
Microsoft Visual Studio Solution File, Format Version 12.00
# Visual Studio Version 17
VisualStudioVersion = 17.12.35527.113
MinimumVisualStudioVersion = 10.0.40219.1
Project("{FAE04EC0-301F-11D3-BF4B-00C04F79EFBC}") = "HeavyFileSorter", "DataProcessor\HeavyFileSorter.csproj", "{A70A013F-9B3F-441E-AA4B-DA241449C1DC}"
EndProject
Project("{FAE04EC0-301F-11D3-BF4B-00C04F79EFBC}") = "TestDataGenerator", "TestDataGenerator\TestDataGenerator.csproj", "{5019FAD3-9A4B-4C9B-A581-F85268F6A78D}"
EndProject
Global
	GlobalSection(SolutionConfigurationPlatforms) = preSolution
		Debug|Any CPU = Debug|Any CPU
		Release|Any CPU = Release|Any CPU
	EndGlobalSection
	GlobalSection(ProjectConfigurationPlatforms) = postSolution
		{A70A013F-9B3F-441E-AA4B-DA241449C1DC}.Debug|Any CPU.ActiveCfg = Debug|Any CPU
		{A70A013F-9B3F-441E-AA4B-DA241449C1DC}.Debug|Any CPU.Build.0 = Debug|Any CPU
		{A70A013F-9B3F-441E-AA4B-DA241449C1DC}.Release|Any CPU.ActiveCfg = Release|Any CPU
		{A70A013F-9B3F-441E-AA4B-DA241449C1DC}.Release|Any CPU.Build.0 = Release|Any CPU
		{5019FAD3-9A4B-4C9B-A581-F85268F6A78D}.Debug|Any CPU.ActiveCfg = Debug|Any CPU
		{5019FAD3-9A4B-4C9B-A581-F85268F6A78D}.Debug|Any CPU.Build.0 = Debug|Any CPU
		{5019FAD3-9A4B-4C9B-A581-F85268F6A78D}.Release|Any CPU.ActiveCfg = Release|Any CPU
		{5019FAD3-9A4B-4C9B-A581-F85268F6A78D}.Release|Any CPU.Build.0 = Release|Any CPU
	EndGlobalSection
	GlobalSection(SolutionProperties) = preSolution
		HideSolutionNode = FALSE
	EndGlobalSection
EndGlobal
